
Microsoft Visual Studio Solution File, Format Version 12.00
# Visual Studio Version 17
VisualStudioVersion = 17.11.35303.130
MinimumVisualStudioVersion = 10.0.40219.1
Project("{9A19103F-16F7-4668-BE54-9A1E7A4F7556}") = "DIPS.FastTrak.UI", "DIPS.FastTrak.UI\DIPS.FastTrak.UI.csproj", "{3DEC4144-41F5-49E6-98B1-DD591876B04D}"
EndProject
Project("{9A19103F-16F7-4668-BE54-9A1E7A4F7556}") = "DIPS.FastTrak", "DIPS.FastTrak\DIPS.FastTrak.csproj", "{ACFAFE8E-698A-4104-B116-3F60B6E857CB}"
EndProject
Global
	GlobalSection(SolutionConfigurationPlatforms) = preSolution
		Debug|Any CPU = Debug|Any CPU
		Release|Any CPU = Release|Any CPU
	EndGlobalSection
	GlobalSection(ProjectConfigurationPlatforms) = postSolution
		{3DEC4144-41F5-49E6-98B1-DD591876B04D}.Debug|Any CPU.ActiveCfg = Debug|Any CPU
		{3DEC4144-41F5-49E6-98B1-DD591876B04D}.Debug|Any CPU.Build.0 = Debug|Any CPU
		{3DEC4144-41F5-49E6-98B1-DD591876B04D}.Release|Any CPU.ActiveCfg = Release|Any CPU
		{3DEC4144-41F5-49E6-98B1-DD591876B04D}.Release|Any CPU.Build.0 = Release|Any CPU
		{ACFAFE8E-698A-4104-B116-3F60B6E857CB}.Debug|Any CPU.ActiveCfg = Debug|Any CPU
		{ACFAFE8E-698A-4104-B116-3F60B6E857CB}.Debug|Any CPU.Build.0 = Debug|Any CPU
		{ACFAFE8E-698A-4104-B116-3F60B6E857CB}.Release|Any CPU.ActiveCfg = Release|Any CPU
		{ACFAFE8E-698A-4104-B116-3F60B6E857CB}.Release|Any CPU.Build.0 = Release|Any CPU
	EndGlobalSection
	GlobalSection(SolutionProperties) = preSolution
		HideSolutionNode = FALSE
	EndGlobalSection
	GlobalSection(ExtensibilityGlobals) = postSolution
		SolutionGuid = {86DBC92E-5F5B-40B0-B7E4-2710743659E2}
	EndGlobalSection
EndGlobal
