
Microsoft Visual Studio Solution File, Format Version 12.00
# Visual Studio Version 17
VisualStudioVersion = 17.5.33516.290
MinimumVisualStudioVersion = 10.0.40219.1
Project("{9A19103F-16F7-4668-BE54-9A1E7A4F7556}") = "FastTrak", "FastTrak.csproj", "{87D7FA49-CA91-4403-BACA-D198BD73A163}"
EndProject
Global
	GlobalSection(SolutionConfigurationPlatforms) = preSolution
		Debug|Any CPU = Debug|Any CPU
		Release|Any CPU = Release|Any CPU
	EndGlobalSection
	GlobalSection(ProjectConfigurationPlatforms) = postSolution
		{87D7FA49-CA91-4403-BACA-D198BD73A163}.Debug|Any CPU.ActiveCfg = Debug|Any CPU
		{87D7FA49-CA91-4403-BACA-D198BD73A163}.Debug|Any CPU.Build.0 = Debug|Any CPU
		{87D7FA49-CA91-4403-BACA-D198BD73A163}.Release|Any CPU.ActiveCfg = Release|Any CPU
		{87D7FA49-CA91-4403-BACA-D198BD73A163}.Release|Any CPU.Build.0 = Release|Any CPU
	EndGlobalSection
	GlobalSection(SolutionProperties) = preSolution
		HideSolutionNode = FALSE
	EndGlobalSection
	GlobalSection(ExtensibilityGlobals) = postSolution
		SolutionGuid = {EA8BA97E-BC87-4293-86F3-5A5B51B6917C}
	EndGlobalSection
EndGlobal
